// !$*UTF8*$!
{
	archiveVersion = 1;
	classes = {
	};
	objectVersion = 48;
	objects = {

/* Begin PBXBuildFile section */
		4612F6F11F7757F9005C2538 /* AppDelegate.swift in Sources */ = {isa = PBXBuildFile; fileRef = 4612F6F01F7757F9005C2538 /* AppDelegate.swift */; };
		4612F6F31F7757F9005C2538 /* CategoriesVC.swift in Sources */ = {isa = PBXBuildFile; fileRef = 4612F6F21F7757F9005C2538 /* CategoriesVC.swift */; };
		4612F6F61F7757F9005C2538 /* Main.storyboard in Resources */ = {isa = PBXBuildFile; fileRef = 4612F6F41F7757F9005C2538 /* Main.storyboard */; };
		4612F6F81F7757F9005C2538 /* Assets.xcassets in Resources */ = {isa = PBXBuildFile; fileRef = 4612F6F71F7757F9005C2538 /* Assets.xcassets */; };
		4612F6FB1F7757F9005C2538 /* LaunchScreen.storyboard in Resources */ = {isa = PBXBuildFile; fileRef = 4612F6F91F7757F9005C2538 /* LaunchScreen.storyboard */; };
		4612F7061F7757F9005C2538 /* coder_swagTests.swift in Sources */ = {isa = PBXBuildFile; fileRef = 4612F7051F7757F9005C2538 /* coder_swagTests.swift */; };
		4612F7111F7757F9005C2538 /* coder_swagUITests.swift in Sources */ = {isa = PBXBuildFile; fileRef = 4612F7101F7757F9005C2538 /* coder_swagUITests.swift */; };
		4612F7221F775B81005C2538 /* CategoryCell.swift in Sources */ = {isa = PBXBuildFile; fileRef = 4612F7211F775B81005C2538 /* CategoryCell.swift */; };
		4612F7241F775D59005C2538 /* Category.swift in Sources */ = {isa = PBXBuildFile; fileRef = 4612F7231F775D59005C2538 /* Category.swift */; };
		4612F7271F775E7B005C2538 /* DataService.swift in Sources */ = {isa = PBXBuildFile; fileRef = 4612F7261F775E7B005C2538 /* DataService.swift */; };
		4612F7291F780F68005C2538 /* ProductCell.swift in Sources */ = {isa = PBXBuildFile; fileRef = 4612F7281F780F68005C2538 /* ProductCell.swift */; };
		4612F72B1F781544005C2538 /* Product.swift in Sources */ = {isa = PBXBuildFile; fileRef = 4612F72A1F781544005C2538 /* Product.swift */; };
		4612F72D1F781898005C2538 /* ProductsVC.swift in Sources */ = {isa = PBXBuildFile; fileRef = 4612F72C1F781898005C2538 /* ProductsVC.swift */; };
/* End PBXBuildFile section */

/* Begin PBXContainerItemProxy section */
		4612F7021F7757F9005C2538 /* PBXContainerItemProxy */ = {
			isa = PBXContainerItemProxy;
			containerPortal = 4612F6E51F7757F9005C2538 /* Project object */;
			proxyType = 1;
			remoteGlobalIDString = 4612F6EC1F7757F9005C2538;
			remoteInfo = "coder-swag";
		};
		4612F70D1F7757F9005C2538 /* PBXContainerItemProxy */ = {
			isa = PBXContainerItemProxy;
			containerPortal = 4612F6E51F7757F9005C2538 /* Project object */;
			proxyType = 1;
			remoteGlobalIDString = 4612F6EC1F7757F9005C2538;
			remoteInfo = "coder-swag";
		};
/* End PBXContainerItemProxy section */

/* Begin PBXFileReference section */
		4612F6ED1F7757F9005C2538 /* coder-swag.app */ = {isa = PBXFileReference; explicitFileType = wrapper.application; includeInIndex = 0; path = "coder-swag.app"; sourceTree = BUILT_PRODUCTS_DIR; };
		4612F6F01F7757F9005C2538 /* AppDelegate.swift */ = {isa = PBXFileReference; lastKnownFileType = sourcecode.swift; path = AppDelegate.swift; sourceTree = "<group>"; };
		4612F6F21F7757F9005C2538 /* CategoriesVC.swift */ = {isa = PBXFileReference; lastKnownFileType = sourcecode.swift; path = CategoriesVC.swift; sourceTree = "<group>"; };
		4612F6F51F7757F9005C2538 /* Base */ = {isa = PBXFileReference; lastKnownFileType = file.storyboard; name = Base; path = Base.lproj/Main.storyboard; sourceTree = "<group>"; };
		4612F6F71F7757F9005C2538 /* Assets.xcassets */ = {isa = PBXFileReference; lastKnownFileType = folder.assetcatalog; path = Assets.xcassets; sourceTree = "<group>"; };
		4612F6FA1F7757F9005C2538 /* Base */ = {isa = PBXFileReference; lastKnownFileType = file.storyboard; name = Base; path = Base.lproj/LaunchScreen.storyboard; sourceTree = "<group>"; };
		4612F6FC1F7757F9005C2538 /* Info.plist */ = {isa = PBXFileReference; lastKnownFileType = text.plist.xml; path = Info.plist; sourceTree = "<group>"; };
		4612F7011F7757F9005C2538 /* coder-swagTests.xctest */ = {isa = PBXFileReference; explicitFileType = wrapper.cfbundle; includeInIndex = 0; path = "coder-swagTests.xctest"; sourceTree = BUILT_PRODUCTS_DIR; };
		4612F7051F7757F9005C2538 /* coder_swagTests.swift */ = {isa = PBXFileReference; lastKnownFileType = sourcecode.swift; path = coder_swagTests.swift; sourceTree = "<group>"; };
		4612F7071F7757F9005C2538 /* Info.plist */ = {isa = PBXFileReference; lastKnownFileType = text.plist.xml; path = Info.plist; sourceTree = "<group>"; };
		4612F70C1F7757F9005C2538 /* coder-swagUITests.xctest */ = {isa = PBXFileReference; explicitFileType = wrapper.cfbundle; includeInIndex = 0; path = "coder-swagUITests.xctest"; sourceTree = BUILT_PRODUCTS_DIR; };
		4612F7101F7757F9005C2538 /* coder_swagUITests.swift */ = {isa = PBXFileReference; lastKnownFileType = sourcecode.swift; path = coder_swagUITests.swift; sourceTree = "<group>"; };
		4612F7121F7757F9005C2538 /* Info.plist */ = {isa = PBXFileReference; lastKnownFileType = text.plist.xml; path = Info.plist; sourceTree = "<group>"; };
		4612F7211F775B81005C2538 /* CategoryCell.swift */ = {isa = PBXFileReference; lastKnownFileType = sourcecode.swift; path = CategoryCell.swift; sourceTree = "<group>"; };
		4612F7231F775D59005C2538 /* Category.swift */ = {isa = PBXFileReference; lastKnownFileType = sourcecode.swift; path = Category.swift; sourceTree = "<group>"; };
		4612F7261F775E7B005C2538 /* DataService.swift */ = {isa = PBXFileReference; lastKnownFileType = sourcecode.swift; path = DataService.swift; sourceTree = "<group>"; };
		4612F7281F780F68005C2538 /* ProductCell.swift */ = {isa = PBXFileReference; lastKnownFileType = sourcecode.swift; path = ProductCell.swift; sourceTree = "<group>"; };
		4612F72A1F781544005C2538 /* Product.swift */ = {isa = PBXFileReference; lastKnownFileType = sourcecode.swift; path = Product.swift; sourceTree = "<group>"; };
		4612F72C1F781898005C2538 /* ProductsVC.swift */ = {isa = PBXFileReference; lastKnownFileType = sourcecode.swift; path = ProductsVC.swift; sourceTree = "<group>"; };
/* End PBXFileReference section */

/* Begin PBXFrameworksBuildPhase section */
		4612F6EA1F7757F9005C2538 /* Frameworks */ = {
			isa = PBXFrameworksBuildPhase;
			buildActionMask = 2147483647;
			files = (
			);
			runOnlyForDeploymentPostprocessing = 0;
		};
		4612F6FE1F7757F9005C2538 /* Frameworks */ = {
			isa = PBXFrameworksBuildPhase;
			buildActionMask = 2147483647;
			files = (
			);
			runOnlyForDeploymentPostprocessing = 0;
		};
		4612F7091F7757F9005C2538 /* Frameworks */ = {
			isa = PBXFrameworksBuildPhase;
			buildActionMask = 2147483647;
			files = (
			);
			runOnlyForDeploymentPostprocessing = 0;
		};
/* End PBXFrameworksBuildPhase section */

/* Begin PBXGroup section */
		4612F6E41F7757F9005C2538 = {
			isa = PBXGroup;
			children = (
				4612F6EF1F7757F9005C2538 /* coder-swag */,
				4612F7041F7757F9005C2538 /* coder-swagTests */,
				4612F70F1F7757F9005C2538 /* coder-swagUITests */,
				4612F6EE1F7757F9005C2538 /* Products */,
			);
			sourceTree = "<group>";
		};
		4612F6EE1F7757F9005C2538 /* Products */ = {
			isa = PBXGroup;
			children = (
				4612F6ED1F7757F9005C2538 /* coder-swag.app */,
				4612F7011F7757F9005C2538 /* coder-swagTests.xctest */,
				4612F70C1F7757F9005C2538 /* coder-swagUITests.xctest */,
			);
			name = Products;
			sourceTree = "<group>";
		};
		4612F6EF1F7757F9005C2538 /* coder-swag */ = {
			isa = PBXGroup;
			children = (
				4612F7251F775E6B005C2538 /* Services */,
				4612F7201F775B43005C2538 /* View */,
				4612F71F1F775B36005C2538 /* Model */,
				4612F71E1F775B2F005C2538 /* Controller */,
				4612F6F01F7757F9005C2538 /* AppDelegate.swift */,
				4612F6F41F7757F9005C2538 /* Main.storyboard */,
				4612F6F71F7757F9005C2538 /* Assets.xcassets */,
				4612F6F91F7757F9005C2538 /* LaunchScreen.storyboard */,
				4612F6FC1F7757F9005C2538 /* Info.plist */,
			);
			path = "coder-swag";
			sourceTree = "<group>";
		};
		4612F7041F7757F9005C2538 /* coder-swagTests */ = {
			isa = PBXGroup;
			children = (
				4612F7051F7757F9005C2538 /* coder_swagTests.swift */,
				4612F7071F7757F9005C2538 /* Info.plist */,
			);
			path = "coder-swagTests";
			sourceTree = "<group>";
		};
		4612F70F1F7757F9005C2538 /* coder-swagUITests */ = {
			isa = PBXGroup;
			children = (
				4612F7101F7757F9005C2538 /* coder_swagUITests.swift */,
				4612F7121F7757F9005C2538 /* Info.plist */,
			);
			path = "coder-swagUITests";
			sourceTree = "<group>";
		};
		4612F71E1F775B2F005C2538 /* Controller */ = {
			isa = PBXGroup;
			children = (
				4612F6F21F7757F9005C2538 /* CategoriesVC.swift */,
				4612F72C1F781898005C2538 /* ProductsVC.swift */,
			);
			path = Controller;
			sourceTree = "<group>";
		};
		4612F71F1F775B36005C2538 /* Model */ = {
			isa = PBXGroup;
			children = (
				4612F7231F775D59005C2538 /* Category.swift */,
				4612F72A1F781544005C2538 /* Product.swift */,
			);
			path = Model;
			sourceTree = "<group>";
		};
		4612F7201F775B43005C2538 /* View */ = {
			isa = PBXGroup;
			children = (
				4612F7211F775B81005C2538 /* CategoryCell.swift */,
				4612F7281F780F68005C2538 /* ProductCell.swift */,
			);
			path = View;
			sourceTree = "<group>";
		};
		4612F7251F775E6B005C2538 /* Services */ = {
			isa = PBXGroup;
			children = (
				4612F7261F775E7B005C2538 /* DataService.swift */,
			);
			path = Services;
			sourceTree = "<group>";
		};
/* End PBXGroup section */

/* Begin PBXNativeTarget section */
		4612F6EC1F7757F9005C2538 /* coder-swag */ = {
			isa = PBXNativeTarget;
			buildConfigurationList = 4612F7151F7757F9005C2538 /* Build configuration list for PBXNativeTarget "coder-swag" */;
			buildPhases = (
				4612F6E91F7757F9005C2538 /* Sources */,
				4612F6EA1F7757F9005C2538 /* Frameworks */,
				4612F6EB1F7757F9005C2538 /* Resources */,
			);
			buildRules = (
			);
			dependencies = (
			);
			name = "coder-swag";
			productName = "coder-swag";
			productReference = 4612F6ED1F7757F9005C2538 /* coder-swag.app */;
			productType = "com.apple.product-type.application";
		};
		4612F7001F7757F9005C2538 /* coder-swagTests */ = {
			isa = PBXNativeTarget;
			buildConfigurationList = 4612F7181F7757F9005C2538 /* Build configuration list for PBXNativeTarget "coder-swagTests" */;
			buildPhases = (
				4612F6FD1F7757F9005C2538 /* Sources */,
				4612F6FE1F7757F9005C2538 /* Frameworks */,
				4612F6FF1F7757F9005C2538 /* Resources */,
			);
			buildRules = (
			);
			dependencies = (
				4612F7031F7757F9005C2538 /* PBXTargetDependency */,
			);
			name = "coder-swagTests";
			productName = "coder-swagTests";
			productReference = 4612F7011F7757F9005C2538 /* coder-swagTests.xctest */;
			productType = "com.apple.product-type.bundle.unit-test";
		};
		4612F70B1F7757F9005C2538 /* coder-swagUITests */ = {
			isa = PBXNativeTarget;
			buildConfigurationList = 4612F71B1F7757F9005C2538 /* Build configuration list for PBXNativeTarget "coder-swagUITests" */;
			buildPhases = (
				4612F7081F7757F9005C2538 /* Sources */,
				4612F7091F7757F9005C2538 /* Frameworks */,
				4612F70A1F7757F9005C2538 /* Resources */,
			);
			buildRules = (
			);
			dependencies = (
				4612F70E1F7757F9005C2538 /* PBXTargetDependency */,
			);
			name = "coder-swagUITests";
			productName = "coder-swagUITests";
			productReference = 4612F70C1F7757F9005C2538 /* coder-swagUITests.xctest */;
			productType = "com.apple.product-type.bundle.ui-testing";
		};
/* End PBXNativeTarget section */

/* Begin PBXProject section */
		4612F6E51F7757F9005C2538 /* Project object */ = {
			isa = PBXProject;
			attributes = {
				LastSwiftUpdateCheck = 0900;
				LastUpgradeCheck = 0900;
				ORGANIZATIONNAME = reinhart.digital;
				TargetAttributes = {
					4612F6EC1F7757F9005C2538 = {
						CreatedOnToolsVersion = 9.0;
						ProvisioningStyle = Automatic;
					};
					4612F7001F7757F9005C2538 = {
						CreatedOnToolsVersion = 9.0;
						ProvisioningStyle = Automatic;
						TestTargetID = 4612F6EC1F7757F9005C2538;
					};
					4612F70B1F7757F9005C2538 = {
						CreatedOnToolsVersion = 9.0;
						ProvisioningStyle = Automatic;
						TestTargetID = 4612F6EC1F7757F9005C2538;
					};
				};
			};
			buildConfigurationList = 4612F6E81F7757F9005C2538 /* Build configuration list for PBXProject "coder-swag" */;
			compatibilityVersion = "Xcode 8.0";
			developmentRegion = en;
			hasScannedForEncodings = 0;
			knownRegions = (
				en,
				Base,
			);
			mainGroup = 4612F6E41F7757F9005C2538;
			productRefGroup = 4612F6EE1F7757F9005C2538 /* Products */;
			projectDirPath = "";
			projectRoot = "";
			targets = (
				4612F6EC1F7757F9005C2538 /* coder-swag */,
				4612F7001F7757F9005C2538 /* coder-swagTests */,
				4612F70B1F7757F9005C2538 /* coder-swagUITests */,
			);
		};
/* End PBXProject section */

/* Begin PBXResourcesBuildPhase section */
		4612F6EB1F7757F9005C2538 /* Resources */ = {
			isa = PBXResourcesBuildPhase;
			buildActionMask = 2147483647;
			files = (
				4612F6FB1F7757F9005C2538 /* LaunchScreen.storyboard in Resources */,
				4612F6F81F7757F9005C2538 /* Assets.xcassets in Resources */,
				4612F6F61F7757F9005C2538 /* Main.storyboard in Resources */,
			);
			runOnlyForDeploymentPostprocessing = 0;
		};
		4612F6FF1F7757F9005C2538 /* Resources */ = {
			isa = PBXResourcesBuildPhase;
			buildActionMask = 2147483647;
			files = (
			);
			runOnlyForDeploymentPostprocessing = 0;
		};
		4612F70A1F7757F9005C2538 /* Resources */ = {
			isa = PBXResourcesBuildPhase;
			buildActionMask = 2147483647;
			files = (
			);
			runOnlyForDeploymentPostprocessing = 0;
		};
/* End PBXResourcesBuildPhase section */

/* Begin PBXSourcesBuildPhase section */
		4612F6E91F7757F9005C2538 /* Sources */ = {
			isa = PBXSourcesBuildPhase;
			buildActionMask = 2147483647;
			files = (
				4612F72D1F781898005C2538 /* ProductsVC.swift in Sources */,
				4612F6F31F7757F9005C2538 /* CategoriesVC.swift in Sources */,
				4612F6F11F7757F9005C2538 /* AppDelegate.swift in Sources */,
				4612F7221F775B81005C2538 /* CategoryCell.swift in Sources */,
				4612F7241F775D59005C2538 /* Category.swift in Sources */,
				4612F7291F780F68005C2538 /* ProductCell.swift in Sources */,
				4612F7271F775E7B005C2538 /* DataService.swift in Sources */,
				4612F72B1F781544005C2538 /* Product.swift in Sources */,
			);
			runOnlyForDeploymentPostprocessing = 0;
		};
		4612F6FD1F7757F9005C2538 /* Sources */ = {
			isa = PBXSourcesBuildPhase;
			buildActionMask = 2147483647;
			files = (
				4612F7061F7757F9005C2538 /* coder_swagTests.swift in Sources */,
			);
			runOnlyForDeploymentPostprocessing = 0;
		};
		4612F7081F7757F9005C2538 /* Sources */ = {
			isa = PBXSourcesBuildPhase;
			buildActionMask = 2147483647;
			files = (
				4612F7111F7757F9005C2538 /* coder_swagUITests.swift in Sources */,
			);
			runOnlyForDeploymentPostprocessing = 0;
		};
/* End PBXSourcesBuildPhase section */

/* Begin PBXTargetDependency section */
		4612F7031F7757F9005C2538 /* PBXTargetDependency */ = {
			isa = PBXTargetDependency;
			target = 4612F6EC1F7757F9005C2538 /* coder-swag */;
			targetProxy = 4612F7021F7757F9005C2538 /* PBXContainerItemProxy */;
		};
		4612F70E1F7757F9005C2538 /* PBXTargetDependency */ = {
			isa = PBXTargetDependency;
			target = 4612F6EC1F7757F9005C2538 /* coder-swag */;
			targetProxy = 4612F70D1F7757F9005C2538 /* PBXContainerItemProxy */;
		};
/* End PBXTargetDependency section */

/* Begin PBXVariantGroup section */
		4612F6F41F7757F9005C2538 /* Main.storyboard */ = {
			isa = PBXVariantGroup;
			children = (
				4612F6F51F7757F9005C2538 /* Base */,
			);
			name = Main.storyboard;
			sourceTree = "<group>";
		};
		4612F6F91F7757F9005C2538 /* LaunchScreen.storyboard */ = {
			isa = PBXVariantGroup;
			children = (
				4612F6FA1F7757F9005C2538 /* Base */,
			);
			name = LaunchScreen.storyboard;
			sourceTree = "<group>";
		};
/* End PBXVariantGroup section */

/* Begin XCBuildConfiguration section */
		4612F7131F7757F9005C2538 /* Debug */ = {
			isa = XCBuildConfiguration;
			buildSettings = {
				ALWAYS_SEARCH_USER_PATHS = NO;
				CLANG_ANALYZER_NONNULL = YES;
				CLANG_ANALYZER_NUMBER_OBJECT_CONVERSION = YES_AGGRESSIVE;
				CLANG_CXX_LANGUAGE_STANDARD = "gnu++14";
				CLANG_CXX_LIBRARY = "libc++";
				CLANG_ENABLE_MODULES = YES;
				CLANG_ENABLE_OBJC_ARC = YES;
				CLANG_WARN_BLOCK_CAPTURE_AUTORELEASING = YES;
				CLANG_WARN_BOOL_CONVERSION = YES;
				CLANG_WARN_COMMA = YES;
				CLANG_WARN_CONSTANT_CONVERSION = YES;
				CLANG_WARN_DIRECT_OBJC_ISA_USAGE = YES_ERROR;
				CLANG_WARN_DOCUMENTATION_COMMENTS = YES;
				CLANG_WARN_EMPTY_BODY = YES;
				CLANG_WARN_ENUM_CONVERSION = YES;
				CLANG_WARN_INFINITE_RECURSION = YES;
				CLANG_WARN_INT_CONVERSION = YES;
				CLANG_WARN_NON_LITERAL_NULL_CONVERSION = YES;
				CLANG_WARN_OBJC_LITERAL_CONVERSION = YES;
				CLANG_WARN_OBJC_ROOT_CLASS = YES_ERROR;
				CLANG_WARN_RANGE_LOOP_ANALYSIS = YES;
				CLANG_WARN_STRICT_PROTOTYPES = YES;
				CLANG_WARN_SUSPICIOUS_MOVE = YES;
				CLANG_WARN_UNGUARDED_AVAILABILITY = YES_AGGRESSIVE;
				CLANG_WARN_UNREACHABLE_CODE = YES;
				CLANG_WARN__DUPLICATE_METHOD_MATCH = YES;
				CODE_SIGN_IDENTITY = "iPhone Developer";
				COPY_PHASE_STRIP = NO;
				DEBUG_INFORMATION_FORMAT = dwarf;
				ENABLE_STRICT_OBJC_MSGSEND = YES;
				ENABLE_TESTABILITY = YES;
				GCC_C_LANGUAGE_STANDARD = gnu11;
				GCC_DYNAMIC_NO_PIC = NO;
				GCC_NO_COMMON_BLOCKS = YES;
				GCC_OPTIMIZATION_LEVEL = 0;
				GCC_PREPROCESSOR_DEFINITIONS = (
					"DEBUG=1",
					"$(inherited)",
				);
				GCC_WARN_64_TO_32_BIT_CONVERSION = YES;
				GCC_WARN_ABOUT_RETURN_TYPE = YES_ERROR;
				GCC_WARN_UNDECLARED_SELECTOR = YES;
				GCC_WARN_UNINITIALIZED_AUTOS = YES_AGGRESSIVE;
				GCC_WARN_UNUSED_FUNCTION = YES;
				GCC_WARN_UNUSED_VARIABLE = YES;
				IPHONEOS_DEPLOYMENT_TARGET = 11.0;
				MTL_ENABLE_DEBUG_INFO = YES;
				ONLY_ACTIVE_ARCH = YES;
				SDKROOT = iphoneos;
				SWIFT_ACTIVE_COMPILATION_CONDITIONS = DEBUG;
				SWIFT_OPTIMIZATION_LEVEL = "-Onone";
			};
			name = Debug;
		};
		4612F7141F7757F9005C2538 /* Release */ = {
			isa = XCBuildConfiguration;
			buildSettings = {
				ALWAYS_SEARCH_USER_PATHS = NO;
				CLANG_ANALYZER_NONNULL = YES;
				CLANG_ANALYZER_NUMBER_OBJECT_CONVERSION = YES_AGGRESSIVE;
				CLANG_CXX_LANGUAGE_STANDARD = "gnu++14";
				CLANG_CXX_LIBRARY = "libc++";
				CLANG_ENABLE_MODULES = YES;
				CLANG_ENABLE_OBJC_ARC = YES;
				CLANG_WARN_BLOCK_CAPTURE_AUTORELEASING = YES;
				CLANG_WARN_BOOL_CONVERSION = YES;
				CLANG_WARN_COMMA = YES;
				CLANG_WARN_CONSTANT_CONVERSION = YES;
				CLANG_WARN_DIRECT_OBJC_ISA_USAGE = YES_ERROR;
				CLANG_WARN_DOCUMENTATION_COMMENTS = YES;
				CLANG_WARN_EMPTY_BODY = YES;
				CLANG_WARN_ENUM_CONVERSION = YES;
				CLANG_WARN_INFINITE_RECURSION = YES;
				CLANG_WARN_INT_CONVERSION = YES;
				CLANG_WARN_NON_LITERAL_NULL_CONVERSION = YES;
				CLANG_WARN_OBJC_LITERAL_CONVERSION = YES;
				CLANG_WARN_OBJC_ROOT_CLASS = YES_ERROR;
				CLANG_WARN_RANGE_LOOP_ANALYSIS = YES;
				CLANG_WARN_STRICT_PROTOTYPES = YES;
				CLANG_WARN_SUSPICIOUS_MOVE = YES;
				CLANG_WARN_UNGUARDED_AVAILABILITY = YES_AGGRESSIVE;
				CLANG_WARN_UNREACHABLE_CODE = YES;
				CLANG_WARN__DUPLICATE_METHOD_MATCH = YES;
				CODE_SIGN_IDENTITY = "iPhone Developer";
				COPY_PHASE_STRIP = NO;
				DEBUG_INFORMATION_FORMAT = "dwarf-with-dsym";
				ENABLE_NS_ASSERTIONS = NO;
				ENABLE_STRICT_OBJC_MSGSEND = YES;
				GCC_C_LANGUAGE_STANDARD = gnu11;
				GCC_NO_COMMON_BLOCKS = YES;
				GCC_WARN_64_TO_32_BIT_CONVERSION = YES;
				GCC_WARN_ABOUT_RETURN_TYPE = YES_ERROR;
				GCC_WARN_UNDECLARED_SELECTOR = YES;
				GCC_WARN_UNINITIALIZED_AUTOS = YES_AGGRESSIVE;
				GCC_WARN_UNUSED_FUNCTION = YES;
				GCC_WARN_UNUSED_VARIABLE = YES;
				IPHONEOS_DEPLOYMENT_TARGET = 11.0;
				MTL_ENABLE_DEBUG_INFO = NO;
				SDKROOT = iphoneos;
				SWIFT_OPTIMIZATION_LEVEL = "-Owholemodule";
				VALIDATE_PRODUCT = YES;
			};
			name = Release;
		};
		4612F7161F7757F9005C2538 /* Debug */ = {
			isa = XCBuildConfiguration;
			buildSettings = {
				ASSETCATALOG_COMPILER_APPICON_NAME = AppIcon;
				CODE_SIGN_STYLE = Automatic;
				INFOPLIST_FILE = "coder-swag/Info.plist";
				LD_RUNPATH_SEARCH_PATHS = "$(inherited) @executable_path/Frameworks";
				PRODUCT_BUNDLE_IDENTIFIER = "com.reinhartdigital.coder-swag";
				PRODUCT_NAME = "$(TARGET_NAME)";
				SWIFT_VERSION = 4.0;
				TARGETED_DEVICE_FAMILY = "1,2";
			};
			name = Debug;
		};
		4612F7171F7757F9005C2538 /* Release */ = {
			isa = XCBuildConfiguration;
			buildSettings = {
				ASSETCATALOG_COMPILER_APPICON_NAME = AppIcon;
				CODE_SIGN_STYLE = Automatic;
				INFOPLIST_FILE = "coder-swag/Info.plist";
				LD_RUNPATH_SEARCH_PATHS = "$(inherited) @executable_path/Frameworks";
				PRODUCT_BUNDLE_IDENTIFIER = "com.reinhartdigital.coder-swag";
				PRODUCT_NAME = "$(TARGET_NAME)";
				SWIFT_VERSION = 4.0;
				TARGETED_DEVICE_FAMILY = "1,2";
			};
			name = Release;
		};
		4612F7191F7757F9005C2538 /* Debug */ = {
			isa = XCBuildConfiguration;
			buildSettings = {
				ALWAYS_EMBED_SWIFT_STANDARD_LIBRARIES = YES;
				BUNDLE_LOADER = "$(TEST_HOST)";
				CODE_SIGN_STYLE = Automatic;
				INFOPLIST_FILE = "coder-swagTests/Info.plist";
				LD_RUNPATH_SEARCH_PATHS = "$(inherited) @executable_path/Frameworks @loader_path/Frameworks";
				PRODUCT_BUNDLE_IDENTIFIER = "com.reinhartdigital.coder-swagTests";
				PRODUCT_NAME = "$(TARGET_NAME)";
				SWIFT_VERSION = 4.0;
				TARGETED_DEVICE_FAMILY = "1,2";
				TEST_HOST = "$(BUILT_PRODUCTS_DIR)/coder-swag.app/coder-swag";
			};
			name = Debug;
		};
		4612F71A1F7757F9005C2538 /* Release */ = {
			isa = XCBuildConfiguration;
			buildSettings = {
				ALWAYS_EMBED_SWIFT_STANDARD_LIBRARIES = YES;
				BUNDLE_LOADER = "$(TEST_HOST)";
				CODE_SIGN_STYLE = Automatic;
				INFOPLIST_FILE = "coder-swagTests/Info.plist";
				LD_RUNPATH_SEARCH_PATHS = "$(inherited) @executable_path/Frameworks @loader_path/Frameworks";
				PRODUCT_BUNDLE_IDENTIFIER = "com.reinhartdigital.coder-swagTests";
				PRODUCT_NAME = "$(TARGET_NAME)";
				SWIFT_VERSION = 4.0;
				TARGETED_DEVICE_FAMILY = "1,2";
				TEST_HOST = "$(BUILT_PRODUCTS_DIR)/coder-swag.app/coder-swag";
			};
			name = Release;
		};
		4612F71C1F7757F9005C2538 /* Debug */ = {
			isa = XCBuildConfiguration;
			buildSettings = {
				ALWAYS_EMBED_SWIFT_STANDARD_LIBRARIES = YES;
				CODE_SIGN_STYLE = Automatic;
				INFOPLIST_FILE = "coder-swagUITests/Info.plist";
				LD_RUNPATH_SEARCH_PATHS = "$(inherited) @executable_path/Frameworks @loader_path/Frameworks";
				PRODUCT_BUNDLE_IDENTIFIER = "com.reinhartdigital.coder-swagUITests";
				PRODUCT_NAME = "$(TARGET_NAME)";
				SWIFT_VERSION = 4.0;
				TARGETED_DEVICE_FAMILY = "1,2";
				TEST_TARGET_NAME = "coder-swag";
			};
			name = Debug;
		};
		4612F71D1F7757F9005C2538 /* Release */ = {
			isa = XCBuildConfiguration;
			buildSettings = {
				ALWAYS_EMBED_SWIFT_STANDARD_LIBRARIES = YES;
				CODE_SIGN_STYLE = Automatic;
				INFOPLIST_FILE = "coder-swagUITests/Info.plist";
				LD_RUNPATH_SEARCH_PATHS = "$(inherited) @executable_path/Frameworks @loader_path/Frameworks";
				PRODUCT_BUNDLE_IDENTIFIER = "com.reinhartdigital.coder-swagUITests";
				PRODUCT_NAME = "$(TARGET_NAME)";
				SWIFT_VERSION = 4.0;
				TARGETED_DEVICE_FAMILY = "1,2";
				TEST_TARGET_NAME = "coder-swag";
			};
			name = Release;
		};
/* End XCBuildConfiguration section */

/* Begin XCConfigurationList section */
		4612F6E81F7757F9005C2538 /* Build configuration list for PBXProject "coder-swag" */ = {
			isa = XCConfigurationList;
			buildConfigurations = (
				4612F7131F7757F9005C2538 /* Debug */,
				4612F7141F7757F9005C2538 /* Release */,
			);
			defaultConfigurationIsVisible = 0;
			defaultConfigurationName = Release;
		};
		4612F7151F7757F9005C2538 /* Build configuration list for PBXNativeTarget "coder-swag" */ = {
			isa = XCConfigurationList;
			buildConfigurations = (
				4612F7161F7757F9005C2538 /* Debug */,
				4612F7171F7757F9005C2538 /* Release */,
			);
			defaultConfigurationIsVisible = 0;
			defaultConfigurationName = Release;
		};
		4612F7181F7757F9005C2538 /* Build configuration list for PBXNativeTarget "coder-swagTests" */ = {
			isa = XCConfigurationList;
			buildConfigurations = (
				4612F7191F7757F9005C2538 /* Debug */,
				4612F71A1F7757F9005C2538 /* Release */,
			);
			defaultConfigurationIsVisible = 0;
			defaultConfigurationName = Release;
		};
		4612F71B1F7757F9005C2538 /* Build configuration list for PBXNativeTarget "coder-swagUITests" */ = {
			isa = XCConfigurationList;
			buildConfigurations = (
				4612F71C1F7757F9005C2538 /* Debug */,
				4612F71D1F7757F9005C2538 /* Release */,
			);
			defaultConfigurationIsVisible = 0;
			defaultConfigurationName = Release;
		};
/* End XCConfigurationList section */
	};
	rootObject = 4612F6E51F7757F9005C2538 /* Project object */;
}
